
Microsoft Visual Studio Solution File, Format Version 12.00
# Visual Studio Version 16
VisualStudioVersion = 16.0.34114.132
MinimumVisualStudioVersion = 10.0.40219.1
Project("{FAE04EC0-301F-11D3-BF4B-00C04F79EFBC}") = "BinarySearch", "BinarySearch\BinarySearch.csproj", "{F90C9654-DE74-47F6-891E-97811C9C5391}"
EndProject
Global
	GlobalSection(SolutionConfigurationPlatforms) = preSolution
		Debug|Any CPU = Debug|Any CPU
		Release|Any CPU = Release|Any CPU
	EndGlobalSection
	GlobalSection(ProjectConfigurationPlatforms) = postSolution
		{F90C9654-DE74-47F6-891E-97811C9C5391}.Debug|Any CPU.ActiveCfg = Debug|Any CPU
		{F90C9654-DE74-47F6-891E-97811C9C5391}.Debug|Any CPU.Build.0 = Debug|Any CPU
		{F90C9654-DE74-47F6-891E-97811C9C5391}.Release|Any CPU.ActiveCfg = Release|Any CPU
		{F90C9654-DE74-47F6-891E-97811C9C5391}.Release|Any CPU.Build.0 = Release|Any CPU
	EndGlobalSection
	GlobalSection(SolutionProperties) = preSolution
		HideSolutionNode = FALSE
	EndGlobalSection
	GlobalSection(ExtensibilityGlobals) = postSolution
		SolutionGuid = {2BB22B24-E29D-497A-B7A5-CFFD06B0D8E0}
	EndGlobalSection
EndGlobal
